
Microsoft Visual Studio Solution File, Format Version 12.00
# Visual Studio 15
VisualStudioVersion = 15.0.28307.1231
MinimumVisualStudioVersion = 10.0.40219.1
Project("{151D2E53-A2C4-4D7D-83FE-D05416EBD58E}") = "SFLogicApp", "SFLogicApp\SFLogicApp.deployproj", "{02E183C7-3D73-409B-BD7A-10A1151F6B1E}"
EndProject
Global
	GlobalSection(SolutionConfigurationPlatforms) = preSolution
		Debug|Any CPU = Debug|Any CPU
		Release|Any CPU = Release|Any CPU
	EndGlobalSection
	GlobalSection(ProjectConfigurationPlatforms) = postSolution
		{02E183C7-3D73-409B-BD7A-10A1151F6B1E}.Debug|Any CPU.ActiveCfg = Debug|Any CPU
		{02E183C7-3D73-409B-BD7A-10A1151F6B1E}.Debug|Any CPU.Build.0 = Debug|Any CPU
		{02E183C7-3D73-409B-BD7A-10A1151F6B1E}.Release|Any CPU.ActiveCfg = Release|Any CPU
		{02E183C7-3D73-409B-BD7A-10A1151F6B1E}.Release|Any CPU.Build.0 = Release|Any CPU
	EndGlobalSection
	GlobalSection(SolutionProperties) = preSolution
		HideSolutionNode = FALSE
	EndGlobalSection
	GlobalSection(ExtensibilityGlobals) = postSolution
		SolutionGuid = {BCB6279C-957E-434F-80B0-3B86DAB7614D}
	EndGlobalSection
EndGlobal
